// !$*UTF8*$!
{
	archiveVersion = 1;
	classes = {
	};
	objectVersion = 48;
	objects = {

/* Begin PBXBuildFile section */
		B3917927EE039CFFFBC01C35 /* Pods_AudioRecording.framework in Frameworks */ = {isa = PBXBuildFile; fileRef = 0866D6EF9F0AEDE782D328D3 /* Pods_AudioRecording.framework */; };
		CA3819C42096FAA1000B6921 /* ProfileAssembly.swift in Sources */ = {isa = PBXBuildFile; fileRef = CA3819C32096FAA1000B6921 /* ProfileAssembly.swift */; };
		CA3819C620970358000B6921 /* MoneyService.swift in Sources */ = {isa = PBXBuildFile; fileRef = CA3819C520970358000B6921 /* MoneyService.swift */; };
		CA3819C8209703C7000B6921 /* MoneyServiceProtocol.swift in Sources */ = {isa = PBXBuildFile; fileRef = CA3819C7209703C7000B6921 /* MoneyServiceProtocol.swift */; };
		CA3819CA2097044C000B6921 /* Balance.swift in Sources */ = {isa = PBXBuildFile; fileRef = CA3819C92097044C000B6921 /* Balance.swift */; };
		CA3819CC209705F1000B6921 /* BalanceRequest.swift in Sources */ = {isa = PBXBuildFile; fileRef = CA3819CB209705F1000B6921 /* BalanceRequest.swift */; };
		CA3819CE2097064F000B6921 /* BalanceParser.swift in Sources */ = {isa = PBXBuildFile; fileRef = CA3819CD2097064F000B6921 /* BalanceParser.swift */; };
		CA4652D42064336B0040DD45 /* LoginAssembly.swift in Sources */ = {isa = PBXBuildFile; fileRef = CA4652D32064336B0040DD45 /* LoginAssembly.swift */; };
		CA4652D6206433F80040DD45 /* LoginPresentationModel.swift in Sources */ = {isa = PBXBuildFile; fileRef = CA4652D5206433F80040DD45 /* LoginPresentationModel.swift */; };
		CA4652D820643E500040DD45 /* ModalLoadingIndicator.swift in Sources */ = {isa = PBXBuildFile; fileRef = CA4652D720643E500040DD45 /* ModalLoadingIndicator.swift */; };
		CA4652DA20643FB00040DD45 /* UIViewController+ShowError.swift in Sources */ = {isa = PBXBuildFile; fileRef = CA4652D920643FB00040DD45 /* UIViewController+ShowError.swift */; };
		CA4652DE206442950040DD45 /* RequestConfig.swift in Sources */ = {isa = PBXBuildFile; fileRef = CA4652DD206442950040DD45 /* RequestConfig.swift */; };
		CA67D72E2094D3C500947D30 /* NumberCell.swift in Sources */ = {isa = PBXBuildFile; fileRef = CA67D72C2094D3C500947D30 /* NumberCell.swift */; };
		CA67D72F2094D3C500947D30 /* NumberCell.xib in Resources */ = {isa = PBXBuildFile; fileRef = CA67D72D2094D3C500947D30 /* NumberCell.xib */; };
		CA67D7312094DC9100947D30 /* MessageViewModel.swift in Sources */ = {isa = PBXBuildFile; fileRef = CA67D7302094DC9100947D30 /* MessageViewModel.swift */; };
		CA67D7332094EFA900947D30 /* RMContact.swift in Sources */ = {isa = PBXBuildFile; fileRef = CA67D7322094EFA900947D30 /* RMContact.swift */; };
		CA67D73520950B9300947D30 /* Distribution.swift in Sources */ = {isa = PBXBuildFile; fileRef = CA67D73420950B9300947D30 /* Distribution.swift */; };
		CA67D73720950BE300947D30 /* Contact.swift in Sources */ = {isa = PBXBuildFile; fileRef = CA67D73620950BE300947D30 /* Contact.swift */; };
		CA67D7392095158C00947D30 /* DistributionViewModel.swift in Sources */ = {isa = PBXBuildFile; fileRef = CA67D7382095158C00947D30 /* DistributionViewModel.swift */; };
		CA67D73D2095170D00947D30 /* DistributionCell.swift in Sources */ = {isa = PBXBuildFile; fileRef = CA67D73B2095170D00947D30 /* DistributionCell.swift */; };
		CA67D73E2095170D00947D30 /* DistributionCell.xib in Resources */ = {isa = PBXBuildFile; fileRef = CA67D73C2095170D00947D30 /* DistributionCell.xib */; };
		CA67D7402095C00700947D30 /* Constants.swift in Sources */ = {isa = PBXBuildFile; fileRef = CA67D73F2095C00700947D30 /* Constants.swift */; };
		CA6EF6752094713600A0D059 /* Parser.swift in Sources */ = {isa = PBXBuildFile; fileRef = CA6EF6742094713600A0D059 /* Parser.swift */; };
		CA7DA41D208DD30300A2222B /* KeyboardViewController.swift in Sources */ = {isa = PBXBuildFile; fileRef = CA7DA41B208DD30300A2222B /* KeyboardViewController.swift */; };
		CA7DA41E208DD30300A2222B /* KeyboardViewController.xib in Resources */ = {isa = PBXBuildFile; fileRef = CA7DA41C208DD30300A2222B /* KeyboardViewController.xib */; };
		CA7DB16A208CF2F4000F54A0 /* RMDistribution.swift in Sources */ = {isa = PBXBuildFile; fileRef = CA7DB169208CF2F4000F54A0 /* RMDistribution.swift */; };
		CA7DB16D208CF448000F54A0 /* DistributionProvider.swift in Sources */ = {isa = PBXBuildFile; fileRef = CA7DB16C208CF448000F54A0 /* DistributionProvider.swift */; };
		CA7DB16F208CFE52000F54A0 /* LoginViewController+UITabbarController.swift in Sources */ = {isa = PBXBuildFile; fileRef = CA7DB16E208CFE52000F54A0 /* LoginViewController+UITabbarController.swift */; };
		CA7DB171208CFF15000F54A0 /* UIViewController+SetupDefaultNavController.swift in Sources */ = {isa = PBXBuildFile; fileRef = CA7DB170208CFF15000F54A0 /* UIViewController+SetupDefaultNavController.swift */; };
		CA7DB174208D1849000F54A0 /* Tabbar.xcassets in Resources */ = {isa = PBXBuildFile; fileRef = CA7DB173208D1849000F54A0 /* Tabbar.xcassets */; };
		CA7DB177208D2B4C000F54A0 /* ContactsViewController.swift in Sources */ = {isa = PBXBuildFile; fileRef = CA7DB175208D2B4C000F54A0 /* ContactsViewController.swift */; };
		CA7DB178208D2B4C000F54A0 /* ContactsViewController.xib in Resources */ = {isa = PBXBuildFile; fileRef = CA7DB176208D2B4C000F54A0 /* ContactsViewController.xib */; };
		CA7DB17C208DB0E9000F54A0 /* ContactCell.swift in Sources */ = {isa = PBXBuildFile; fileRef = CA7DB17A208DB0E9000F54A0 /* ContactCell.swift */; };
		CA7DB17D208DB0E9000F54A0 /* ContactCell.xib in Resources */ = {isa = PBXBuildFile; fileRef = CA7DB17B208DB0E9000F54A0 /* ContactCell.xib */; };
		CA7DB17F208DB4A8000F54A0 /* ContactsPresentationModel.swift in Sources */ = {isa = PBXBuildFile; fileRef = CA7DB17E208DB4A8000F54A0 /* ContactsPresentationModel.swift */; };
		CA7DB181208DB4D1000F54A0 /* ContactsAssembly.swift in Sources */ = {isa = PBXBuildFile; fileRef = CA7DB180208DB4D1000F54A0 /* ContactsAssembly.swift */; };
		CA7DB183208DB80A000F54A0 /* UIViewController+BackButton.swift in Sources */ = {isa = PBXBuildFile; fileRef = CA7DB182208DB80A000F54A0 /* UIViewController+BackButton.swift */; };
		CA7DB185208DC122000F54A0 /* ContactViewModel.swift in Sources */ = {isa = PBXBuildFile; fileRef = CA7DB184208DC122000F54A0 /* ContactViewModel.swift */; };
		CA7DB187208DC551000F54A0 /* ContactsServiceProtocol.swift in Sources */ = {isa = PBXBuildFile; fileRef = CA7DB186208DC551000F54A0 /* ContactsServiceProtocol.swift */; };
		CA7DB189208DC572000F54A0 /* ContactsService.swift in Sources */ = {isa = PBXBuildFile; fileRef = CA7DB188208DC572000F54A0 /* ContactsService.swift */; };
		CA871C8C205E6EF0009BDDB0 /* RecordViewModel.swift in Sources */ = {isa = PBXBuildFile; fileRef = CA871C8B205E6EF0009BDDB0 /* RecordViewModel.swift */; };
		CA871C8E205E728F009BDDB0 /* FilesViewController+BubbleAnimationDelegate.swift in Sources */ = {isa = PBXBuildFile; fileRef = CA871C8D205E728F009BDDB0 /* FilesViewController+BubbleAnimationDelegate.swift */; };
		CA871C90205E7576009BDDB0 /* RecordingPresentationModel.swift in Sources */ = {isa = PBXBuildFile; fileRef = CA871C8F205E7576009BDDB0 /* RecordingPresentationModel.swift */; };
		CA871C92205E75AA009BDDB0 /* ServiceLayer.swift in Sources */ = {isa = PBXBuildFile; fileRef = CA871C91205E75AA009BDDB0 /* ServiceLayer.swift */; };
		CA871C96205E7616009BDDB0 /* AudioServiceProtocol.swift in Sources */ = {isa = PBXBuildFile; fileRef = CA871C95205E7616009BDDB0 /* AudioServiceProtocol.swift */; };
		CA871C98205E764B009BDDB0 /* AudioService.swift in Sources */ = {isa = PBXBuildFile; fileRef = CA871C97205E764B009BDDB0 /* AudioService.swift */; };
		CA871C9A205E7DF1009BDDB0 /* RecordingAssembly.swift in Sources */ = {isa = PBXBuildFile; fileRef = CA871C99205E7DF0009BDDB0 /* RecordingAssembly.swift */; };
		CA871C9C205E828F009BDDB0 /* FileServiceProtocol.swift in Sources */ = {isa = PBXBuildFile; fileRef = CA871C9B205E828F009BDDB0 /* FileServiceProtocol.swift */; };
		CA871C9E205E829A009BDDB0 /* FileService.swift in Sources */ = {isa = PBXBuildFile; fileRef = CA871C9D205E829A009BDDB0 /* FileService.swift */; };
		CA871CA0205E96FF009BDDB0 /* WaveView.swift in Sources */ = {isa = PBXBuildFile; fileRef = CA871C9F205E96FF009BDDB0 /* WaveView.swift */; };
		CA871CA2205EFDE1009BDDB0 /* String+Time.swift in Sources */ = {isa = PBXBuildFile; fileRef = CA871CA1205EFDE1009BDDB0 /* String+Time.swift */; };
		CA876BEA2053F79C003E81DC /* RecordingViewController.swift in Sources */ = {isa = PBXBuildFile; fileRef = CA876BE82053F79C003E81DC /* RecordingViewController.swift */; };
		CA876BED20540048003E81DC /* Storyboard.storyboard in Resources */ = {isa = PBXBuildFile; fileRef = CA876BEC20540048003E81DC /* Storyboard.storyboard */; };
		CAA9566620642C45003F4742 /* LoginViewController.swift in Sources */ = {isa = PBXBuildFile; fileRef = CAA9566420642C45003F4742 /* LoginViewController.swift */; };
		CAA9566720642C45003F4742 /* LoginViewController.xib in Resources */ = {isa = PBXBuildFile; fileRef = CAA9566520642C45003F4742 /* LoginViewController.xib */; };
		CAABFA0220947D3900886D90 /* AuthUserParser.swift in Sources */ = {isa = PBXBuildFile; fileRef = CAABFA0120947D3900886D90 /* AuthUserParser.swift */; };
		CAABFA052094968C00886D90 /* SendViewController.swift in Sources */ = {isa = PBXBuildFile; fileRef = CAABFA032094968C00886D90 /* SendViewController.swift */; };
		CAABFA062094968C00886D90 /* SendViewController.xib in Resources */ = {isa = PBXBuildFile; fileRef = CAABFA042094968C00886D90 /* SendViewController.xib */; };
		CAABFA08209496CD00886D90 /* SendPresentationModel.swift in Sources */ = {isa = PBXBuildFile; fileRef = CAABFA07209496CD00886D90 /* SendPresentationModel.swift */; };
		CAABFA0A209496F600886D90 /* SendAssembly.swift in Sources */ = {isa = PBXBuildFile; fileRef = CAABFA09209496F600886D90 /* SendAssembly.swift */; };
		CAAD813D2095CA83003FB9E0 /* ProfileViewController.swift in Sources */ = {isa = PBXBuildFile; fileRef = CAAD813B2095CA83003FB9E0 /* ProfileViewController.swift */; };
		CAAD813E2095CA83003FB9E0 /* ProfileViewController.xib in Resources */ = {isa = PBXBuildFile; fileRef = CAAD813C2095CA83003FB9E0 /* ProfileViewController.xib */; };
		CAAD81402096FA52003FB9E0 /* ProfilePresentationModel.swift in Sources */ = {isa = PBXBuildFile; fileRef = CAAD813F2096FA52003FB9E0 /* ProfilePresentationModel.swift */; };
		CABB93BC208CBE5F00D699A9 /* RequestSender.swift in Sources */ = {isa = PBXBuildFile; fileRef = CABB93BB208CBE5F00D699A9 /* RequestSender.swift */; };
		CABB93BE208CBFAA00D699A9 /* RequestSenderProtocol.swift in Sources */ = {isa = PBXBuildFile; fileRef = CABB93BD208CBFAA00D699A9 /* RequestSenderProtocol.swift */; };
		CABB93C0208CC04B00D699A9 /* AuthServiceProtocol.swift in Sources */ = {isa = PBXBuildFile; fileRef = CABB93BF208CC04B00D699A9 /* AuthServiceProtocol.swift */; };
		CABB93C2208CC12400D699A9 /* AuthResult.swift in Sources */ = {isa = PBXBuildFile; fileRef = CABB93C1208CC12400D699A9 /* AuthResult.swift */; };
		CABB93C4208CC18700D699A9 /* AuthService.swift in Sources */ = {isa = PBXBuildFile; fileRef = CABB93C3208CC18700D699A9 /* AuthService.swift */; };
		CABB93C6208CC26900D699A9 /* AuthUserRequest.swift in Sources */ = {isa = PBXBuildFile; fileRef = CABB93C5208CC26900D699A9 /* AuthUserRequest.swift */; };
		CABB93C8208CD35D00D699A9 /* DistributionAssembly.swift in Sources */ = {isa = PBXBuildFile; fileRef = CABB93C7208CD35D00D699A9 /* DistributionAssembly.swift */; };
		CABB93CB208CD3D600D699A9 /* DistributionViewController.swift in Sources */ = {isa = PBXBuildFile; fileRef = CABB93C9208CD3D600D699A9 /* DistributionViewController.swift */; };
		CABB93CC208CD3D600D699A9 /* DistributionViewController.xib in Resources */ = {isa = PBXBuildFile; fileRef = CABB93CA208CD3D600D699A9 /* DistributionViewController.xib */; };
		CABB93CE208CD43B00D699A9 /* DistributionPresentationModel.swift in Sources */ = {isa = PBXBuildFile; fileRef = CABB93CD208CD43B00D699A9 /* DistributionPresentationModel.swift */; };
		CABB93D1208CE9DF00D699A9 /* DistributionFooterView.swift in Sources */ = {isa = PBXBuildFile; fileRef = CABB93D0208CE9DF00D699A9 /* DistributionFooterView.swift */; };
		CABB93D3208CE9F700D699A9 /* DistributionFooterView.xib in Resources */ = {isa = PBXBuildFile; fileRef = CABB93D2208CE9F700D699A9 /* DistributionFooterView.xib */; };
		CACC434B2097D89500834AAD /* Cost.swift in Sources */ = {isa = PBXBuildFile; fileRef = CACC434A2097D89500834AAD /* Cost.swift */; };
		CACC434D2097DC7300834AAD /* CostRequest.swift in Sources */ = {isa = PBXBuildFile; fileRef = CACC434C2097DC7300834AAD /* CostRequest.swift */; };
		CACC434F2097DCE500834AAD /* CostParser.swift in Sources */ = {isa = PBXBuildFile; fileRef = CACC434E2097DCE500834AAD /* CostParser.swift */; };
		CAD718772052FBBB007D5239 /* AppDelegate.swift in Sources */ = {isa = PBXBuildFile; fileRef = CAD718762052FBBB007D5239 /* AppDelegate.swift */; };
		CAD7187E2052FBBC007D5239 /* Assets.xcassets in Resources */ = {isa = PBXBuildFile; fileRef = CAD7187D2052FBBC007D5239 /* Assets.xcassets */; };
		CAD718812052FBBC007D5239 /* LaunchScreen.storyboard in Resources */ = {isa = PBXBuildFile; fileRef = CAD7187F2052FBBC007D5239 /* LaunchScreen.storyboard */; };
		CAD7189220530A32007D5239 /* FilesViewController.swift in Sources */ = {isa = PBXBuildFile; fileRef = CAD7189020530A32007D5239 /* FilesViewController.swift */; };
		CAD7189320530A32007D5239 /* FilesViewController.xib in Resources */ = {isa = PBXBuildFile; fileRef = CAD7189120530A32007D5239 /* FilesViewController.xib */; };
		CAD7189B20530AAE007D5239 /* RootAssembly.swift in Sources */ = {isa = PBXBuildFile; fileRef = CAD7189A20530AAE007D5239 /* RootAssembly.swift */; };
		CAD7189E20530B92007D5239 /* FilesPresentationModel.swift in Sources */ = {isa = PBXBuildFile; fileRef = CAD7189D20530B92007D5239 /* FilesPresentationModel.swift */; };
		CAD718A020530BEC007D5239 /* PresentationModel.swift in Sources */ = {isa = PBXBuildFile; fileRef = CAD7189F20530BEC007D5239 /* PresentationModel.swift */; };
		CAD718A420530E2B007D5239 /* FilesAssembly.swift in Sources */ = {isa = PBXBuildFile; fileRef = CAD718A320530E2B007D5239 /* FilesAssembly.swift */; };
		CAD718A920534B2F007D5239 /* AudioRecordCell.swift in Sources */ = {isa = PBXBuildFile; fileRef = CAD718A720534B2F007D5239 /* AudioRecordCell.swift */; };
		CAD718AA20534B2F007D5239 /* AudioRecordCell.xib in Resources */ = {isa = PBXBuildFile; fileRef = CAD718A820534B2F007D5239 /* AudioRecordCell.xib */; };
		CADA9C89205434430031433B /* UIColors.swift in Sources */ = {isa = PBXBuildFile; fileRef = CADA9C88205434430031433B /* UIColors.swift */; };
/* End PBXBuildFile section */

/* Begin PBXFileReference section */
		0866D6EF9F0AEDE782D328D3 /* Pods_AudioRecording.framework */ = {isa = PBXFileReference; explicitFileType = wrapper.framework; includeInIndex = 0; path = Pods_AudioRecording.framework; sourceTree = BUILT_PRODUCTS_DIR; };
		76ADB92C391E1855EC1306A2 /* Pods-AudioRecording.debug.xcconfig */ = {isa = PBXFileReference; includeInIndex = 1; lastKnownFileType = text.xcconfig; name = "Pods-AudioRecording.debug.xcconfig"; path = "Pods/Target Support Files/Pods-AudioRecording/Pods-AudioRecording.debug.xcconfig"; sourceTree = "<group>"; };
		CA3819C32096FAA1000B6921 /* ProfileAssembly.swift */ = {isa = PBXFileReference; lastKnownFileType = sourcecode.swift; path = ProfileAssembly.swift; sourceTree = "<group>"; };
		CA3819C520970358000B6921 /* MoneyService.swift */ = {isa = PBXFileReference; lastKnownFileType = sourcecode.swift; path = MoneyService.swift; sourceTree = "<group>"; };
		CA3819C7209703C7000B6921 /* MoneyServiceProtocol.swift */ = {isa = PBXFileReference; lastKnownFileType = sourcecode.swift; path = MoneyServiceProtocol.swift; sourceTree = "<group>"; };
		CA3819C92097044C000B6921 /* Balance.swift */ = {isa = PBXFileReference; lastKnownFileType = sourcecode.swift; path = Balance.swift; sourceTree = "<group>"; };
		CA3819CB209705F1000B6921 /* BalanceRequest.swift */ = {isa = PBXFileReference; lastKnownFileType = sourcecode.swift; path = BalanceRequest.swift; sourceTree = "<group>"; };
		CA3819CD2097064F000B6921 /* BalanceParser.swift */ = {isa = PBXFileReference; lastKnownFileType = sourcecode.swift; path = BalanceParser.swift; sourceTree = "<group>"; };
		CA4652D32064336B0040DD45 /* LoginAssembly.swift */ = {isa = PBXFileReference; lastKnownFileType = sourcecode.swift; path = LoginAssembly.swift; sourceTree = "<group>"; };
		CA4652D5206433F80040DD45 /* LoginPresentationModel.swift */ = {isa = PBXFileReference; lastKnownFileType = sourcecode.swift; path = LoginPresentationModel.swift; sourceTree = "<group>"; };
		CA4652D720643E500040DD45 /* ModalLoadingIndicator.swift */ = {isa = PBXFileReference; lastKnownFileType = sourcecode.swift; path = ModalLoadingIndicator.swift; sourceTree = "<group>"; };
		CA4652D920643FB00040DD45 /* UIViewController+ShowError.swift */ = {isa = PBXFileReference; lastKnownFileType = sourcecode.swift; path = "UIViewController+ShowError.swift"; sourceTree = "<group>"; };
		CA4652DD206442950040DD45 /* RequestConfig.swift */ = {isa = PBXFileReference; lastKnownFileType = sourcecode.swift; path = RequestConfig.swift; sourceTree = "<group>"; };
		CA67D72C2094D3C500947D30 /* NumberCell.swift */ = {isa = PBXFileReference; lastKnownFileType = sourcecode.swift; path = NumberCell.swift; sourceTree = "<group>"; };
		CA67D72D2094D3C500947D30 /* NumberCell.xib */ = {isa = PBXFileReference; lastKnownFileType = file.xib; path = NumberCell.xib; sourceTree = "<group>"; };
		CA67D7302094DC9100947D30 /* MessageViewModel.swift */ = {isa = PBXFileReference; lastKnownFileType = sourcecode.swift; path = MessageViewModel.swift; sourceTree = "<group>"; };
		CA67D7322094EFA900947D30 /* RMContact.swift */ = {isa = PBXFileReference; lastKnownFileType = sourcecode.swift; path = RMContact.swift; sourceTree = "<group>"; };
		CA67D73420950B9300947D30 /* Distribution.swift */ = {isa = PBXFileReference; lastKnownFileType = sourcecode.swift; path = Distribution.swift; sourceTree = "<group>"; };
		CA67D73620950BE300947D30 /* Contact.swift */ = {isa = PBXFileReference; lastKnownFileType = sourcecode.swift; path = Contact.swift; sourceTree = "<group>"; };
		CA67D7382095158C00947D30 /* DistributionViewModel.swift */ = {isa = PBXFileReference; lastKnownFileType = sourcecode.swift; path = DistributionViewModel.swift; sourceTree = "<group>"; };
		CA67D73B2095170D00947D30 /* DistributionCell.swift */ = {isa = PBXFileReference; lastKnownFileType = sourcecode.swift; path = DistributionCell.swift; sourceTree = "<group>"; };
		CA67D73C2095170D00947D30 /* DistributionCell.xib */ = {isa = PBXFileReference; lastKnownFileType = file.xib; path = DistributionCell.xib; sourceTree = "<group>"; };
		CA67D73F2095C00700947D30 /* Constants.swift */ = {isa = PBXFileReference; lastKnownFileType = sourcecode.swift; path = Constants.swift; sourceTree = "<group>"; };
		CA6EF6742094713600A0D059 /* Parser.swift */ = {isa = PBXFileReference; lastKnownFileType = sourcecode.swift; path = Parser.swift; sourceTree = "<group>"; };
		CA7DA41B208DD30300A2222B /* KeyboardViewController.swift */ = {isa = PBXFileReference; lastKnownFileType = sourcecode.swift; path = KeyboardViewController.swift; sourceTree = "<group>"; };
		CA7DA41C208DD30300A2222B /* KeyboardViewController.xib */ = {isa = PBXFileReference; lastKnownFileType = file.xib; path = KeyboardViewController.xib; sourceTree = "<group>"; };
		CA7DB169208CF2F4000F54A0 /* RMDistribution.swift */ = {isa = PBXFileReference; lastKnownFileType = sourcecode.swift; path = RMDistribution.swift; sourceTree = "<group>"; };
		CA7DB16C208CF448000F54A0 /* DistributionProvider.swift */ = {isa = PBXFileReference; lastKnownFileType = sourcecode.swift; path = DistributionProvider.swift; sourceTree = "<group>"; };
		CA7DB16E208CFE52000F54A0 /* LoginViewController+UITabbarController.swift */ = {isa = PBXFileReference; lastKnownFileType = sourcecode.swift; path = "LoginViewController+UITabbarController.swift"; sourceTree = "<group>"; };
		CA7DB170208CFF15000F54A0 /* UIViewController+SetupDefaultNavController.swift */ = {isa = PBXFileReference; lastKnownFileType = sourcecode.swift; path = "UIViewController+SetupDefaultNavController.swift"; sourceTree = "<group>"; };
		CA7DB173208D1849000F54A0 /* Tabbar.xcassets */ = {isa = PBXFileReference; lastKnownFileType = folder.assetcatalog; path = Tabbar.xcassets; sourceTree = "<group>"; };
		CA7DB175208D2B4C000F54A0 /* ContactsViewController.swift */ = {isa = PBXFileReference; lastKnownFileType = sourcecode.swift; path = ContactsViewController.swift; sourceTree = "<group>"; };
		CA7DB176208D2B4C000F54A0 /* ContactsViewController.xib */ = {isa = PBXFileReference; lastKnownFileType = file.xib; path = ContactsViewController.xib; sourceTree = "<group>"; };
		CA7DB17A208DB0E9000F54A0 /* ContactCell.swift */ = {isa = PBXFileReference; lastKnownFileType = sourcecode.swift; path = ContactCell.swift; sourceTree = "<group>"; };
		CA7DB17B208DB0E9000F54A0 /* ContactCell.xib */ = {isa = PBXFileReference; lastKnownFileType = file.xib; path = ContactCell.xib; sourceTree = "<group>"; };
		CA7DB17E208DB4A8000F54A0 /* ContactsPresentationModel.swift */ = {isa = PBXFileReference; lastKnownFileType = sourcecode.swift; path = ContactsPresentationModel.swift; sourceTree = "<group>"; };
		CA7DB180208DB4D1000F54A0 /* ContactsAssembly.swift */ = {isa = PBXFileReference; lastKnownFileType = sourcecode.swift; path = ContactsAssembly.swift; sourceTree = "<group>"; };
		CA7DB182208DB80A000F54A0 /* UIViewController+BackButton.swift */ = {isa = PBXFileReference; lastKnownFileType = sourcecode.swift; path = "UIViewController+BackButton.swift"; sourceTree = "<group>"; };
		CA7DB184208DC122000F54A0 /* ContactViewModel.swift */ = {isa = PBXFileReference; lastKnownFileType = sourcecode.swift; path = ContactViewModel.swift; sourceTree = "<group>"; };
		CA7DB186208DC551000F54A0 /* ContactsServiceProtocol.swift */ = {isa = PBXFileReference; lastKnownFileType = sourcecode.swift; path = ContactsServiceProtocol.swift; sourceTree = "<group>"; };
		CA7DB188208DC572000F54A0 /* ContactsService.swift */ = {isa = PBXFileReference; lastKnownFileType = sourcecode.swift; path = ContactsService.swift; sourceTree = "<group>"; };
		CA871C8B205E6EF0009BDDB0 /* RecordViewModel.swift */ = {isa = PBXFileReference; lastKnownFileType = sourcecode.swift; path = RecordViewModel.swift; sourceTree = "<group>"; };
		CA871C8D205E728F009BDDB0 /* FilesViewController+BubbleAnimationDelegate.swift */ = {isa = PBXFileReference; lastKnownFileType = sourcecode.swift; path = "FilesViewController+BubbleAnimationDelegate.swift"; sourceTree = "<group>"; };
		CA871C8F205E7576009BDDB0 /* RecordingPresentationModel.swift */ = {isa = PBXFileReference; lastKnownFileType = sourcecode.swift; path = RecordingPresentationModel.swift; sourceTree = "<group>"; };
		CA871C91205E75AA009BDDB0 /* ServiceLayer.swift */ = {isa = PBXFileReference; lastKnownFileType = sourcecode.swift; path = ServiceLayer.swift; sourceTree = "<group>"; };
		CA871C95205E7616009BDDB0 /* AudioServiceProtocol.swift */ = {isa = PBXFileReference; lastKnownFileType = sourcecode.swift; path = AudioServiceProtocol.swift; sourceTree = "<group>"; };
		CA871C97205E764B009BDDB0 /* AudioService.swift */ = {isa = PBXFileReference; lastKnownFileType = sourcecode.swift; path = AudioService.swift; sourceTree = "<group>"; };
		CA871C99205E7DF0009BDDB0 /* RecordingAssembly.swift */ = {isa = PBXFileReference; lastKnownFileType = sourcecode.swift; path = RecordingAssembly.swift; sourceTree = "<group>"; };
		CA871C9B205E828F009BDDB0 /* FileServiceProtocol.swift */ = {isa = PBXFileReference; lastKnownFileType = sourcecode.swift; path = FileServiceProtocol.swift; sourceTree = "<group>"; };
		CA871C9D205E829A009BDDB0 /* FileService.swift */ = {isa = PBXFileReference; lastKnownFileType = sourcecode.swift; path = FileService.swift; sourceTree = "<group>"; };
		CA871C9F205E96FF009BDDB0 /* WaveView.swift */ = {isa = PBXFileReference; lastKnownFileType = sourcecode.swift; path = WaveView.swift; sourceTree = "<group>"; };
		CA871CA1205EFDE1009BDDB0 /* String+Time.swift */ = {isa = PBXFileReference; lastKnownFileType = sourcecode.swift; path = "String+Time.swift"; sourceTree = "<group>"; };
		CA876BE82053F79C003E81DC /* RecordingViewController.swift */ = {isa = PBXFileReference; lastKnownFileType = sourcecode.swift; path = RecordingViewController.swift; sourceTree = "<group>"; };
		CA876BEC20540048003E81DC /* Storyboard.storyboard */ = {isa = PBXFileReference; lastKnownFileType = file.storyboard; path = Storyboard.storyboard; sourceTree = "<group>"; };
		CAA9566420642C45003F4742 /* LoginViewController.swift */ = {isa = PBXFileReference; lastKnownFileType = sourcecode.swift; path = LoginViewController.swift; sourceTree = "<group>"; };
		CAA9566520642C45003F4742 /* LoginViewController.xib */ = {isa = PBXFileReference; lastKnownFileType = file.xib; path = LoginViewController.xib; sourceTree = "<group>"; };
		CAABFA0120947D3900886D90 /* AuthUserParser.swift */ = {isa = PBXFileReference; lastKnownFileType = sourcecode.swift; path = AuthUserParser.swift; sourceTree = "<group>"; };
		CAABFA032094968C00886D90 /* SendViewController.swift */ = {isa = PBXFileReference; lastKnownFileType = sourcecode.swift; path = SendViewController.swift; sourceTree = "<group>"; };
		CAABFA042094968C00886D90 /* SendViewController.xib */ = {isa = PBXFileReference; lastKnownFileType = file.xib; path = SendViewController.xib; sourceTree = "<group>"; };
		CAABFA07209496CD00886D90 /* SendPresentationModel.swift */ = {isa = PBXFileReference; lastKnownFileType = sourcecode.swift; path = SendPresentationModel.swift; sourceTree = "<group>"; };
		CAABFA09209496F600886D90 /* SendAssembly.swift */ = {isa = PBXFileReference; lastKnownFileType = sourcecode.swift; path = SendAssembly.swift; sourceTree = "<group>"; };
		CAAD813B2095CA83003FB9E0 /* ProfileViewController.swift */ = {isa = PBXFileReference; lastKnownFileType = sourcecode.swift; path = ProfileViewController.swift; sourceTree = "<group>"; };
		CAAD813C2095CA83003FB9E0 /* ProfileViewController.xib */ = {isa = PBXFileReference; lastKnownFileType = file.xib; path = ProfileViewController.xib; sourceTree = "<group>"; };
		CAAD813F2096FA52003FB9E0 /* ProfilePresentationModel.swift */ = {isa = PBXFileReference; lastKnownFileType = sourcecode.swift; path = ProfilePresentationModel.swift; sourceTree = "<group>"; };
		CABB93BB208CBE5F00D699A9 /* RequestSender.swift */ = {isa = PBXFileReference; lastKnownFileType = sourcecode.swift; path = RequestSender.swift; sourceTree = "<group>"; };
		CABB93BD208CBFAA00D699A9 /* RequestSenderProtocol.swift */ = {isa = PBXFileReference; lastKnownFileType = sourcecode.swift; path = RequestSenderProtocol.swift; sourceTree = "<group>"; };
		CABB93BF208CC04B00D699A9 /* AuthServiceProtocol.swift */ = {isa = PBXFileReference; lastKnownFileType = sourcecode.swift; path = AuthServiceProtocol.swift; sourceTree = "<group>"; };
		CABB93C1208CC12400D699A9 /* AuthResult.swift */ = {isa = PBXFileReference; lastKnownFileType = sourcecode.swift; path = AuthResult.swift; sourceTree = "<group>"; };
		CABB93C3208CC18700D699A9 /* AuthService.swift */ = {isa = PBXFileReference; lastKnownFileType = sourcecode.swift; path = AuthService.swift; sourceTree = "<group>"; };
		CABB93C5208CC26900D699A9 /* AuthUserRequest.swift */ = {isa = PBXFileReference; lastKnownFileType = sourcecode.swift; path = AuthUserRequest.swift; sourceTree = "<group>"; };
		CABB93C7208CD35D00D699A9 /* DistributionAssembly.swift */ = {isa = PBXFileReference; lastKnownFileType = sourcecode.swift; path = DistributionAssembly.swift; sourceTree = "<group>"; };
		CABB93C9208CD3D600D699A9 /* DistributionViewController.swift */ = {isa = PBXFileReference; lastKnownFileType = sourcecode.swift; path = DistributionViewController.swift; sourceTree = "<group>"; };
		CABB93CA208CD3D600D699A9 /* DistributionViewController.xib */ = {isa = PBXFileReference; lastKnownFileType = file.xib; path = DistributionViewController.xib; sourceTree = "<group>"; };
		CABB93CD208CD43B00D699A9 /* DistributionPresentationModel.swift */ = {isa = PBXFileReference; lastKnownFileType = sourcecode.swift; path = DistributionPresentationModel.swift; sourceTree = "<group>"; };
		CABB93D0208CE9DF00D699A9 /* DistributionFooterView.swift */ = {isa = PBXFileReference; lastKnownFileType = sourcecode.swift; path = DistributionFooterView.swift; sourceTree = "<group>"; };
		CABB93D2208CE9F700D699A9 /* DistributionFooterView.xib */ = {isa = PBXFileReference; lastKnownFileType = file.xib; path = DistributionFooterView.xib; sourceTree = "<group>"; };
		CACC434A2097D89500834AAD /* Cost.swift */ = {isa = PBXFileReference; lastKnownFileType = sourcecode.swift; path = Cost.swift; sourceTree = "<group>"; };
		CACC434C2097DC7300834AAD /* CostRequest.swift */ = {isa = PBXFileReference; lastKnownFileType = sourcecode.swift; path = CostRequest.swift; sourceTree = "<group>"; };
		CACC434E2097DCE500834AAD /* CostParser.swift */ = {isa = PBXFileReference; lastKnownFileType = sourcecode.swift; path = CostParser.swift; sourceTree = "<group>"; };
		CAD718732052FBBB007D5239 /* AudioRecording.app */ = {isa = PBXFileReference; explicitFileType = wrapper.application; includeInIndex = 0; path = AudioRecording.app; sourceTree = BUILT_PRODUCTS_DIR; };
		CAD718762052FBBB007D5239 /* AppDelegate.swift */ = {isa = PBXFileReference; lastKnownFileType = sourcecode.swift; path = AppDelegate.swift; sourceTree = "<group>"; };
		CAD7187D2052FBBC007D5239 /* Assets.xcassets */ = {isa = PBXFileReference; lastKnownFileType = folder.assetcatalog; path = Assets.xcassets; sourceTree = "<group>"; };
		CAD718802052FBBC007D5239 /* Base */ = {isa = PBXFileReference; lastKnownFileType = file.storyboard; name = Base; path = Base.lproj/LaunchScreen.storyboard; sourceTree = "<group>"; };
		CAD718822052FBBC007D5239 /* Info.plist */ = {isa = PBXFileReference; lastKnownFileType = text.plist.xml; path = Info.plist; sourceTree = "<group>"; };
		CAD7189020530A32007D5239 /* FilesViewController.swift */ = {isa = PBXFileReference; lastKnownFileType = sourcecode.swift; path = FilesViewController.swift; sourceTree = "<group>"; };
		CAD7189120530A32007D5239 /* FilesViewController.xib */ = {isa = PBXFileReference; lastKnownFileType = file.xib; path = FilesViewController.xib; sourceTree = "<group>"; };
		CAD7189A20530AAE007D5239 /* RootAssembly.swift */ = {isa = PBXFileReference; lastKnownFileType = sourcecode.swift; path = RootAssembly.swift; sourceTree = "<group>"; };
		CAD7189D20530B92007D5239 /* FilesPresentationModel.swift */ = {isa = PBXFileReference; lastKnownFileType = sourcecode.swift; path = FilesPresentationModel.swift; sourceTree = "<group>"; };
		CAD7189F20530BEC007D5239 /* PresentationModel.swift */ = {isa = PBXFileReference; lastKnownFileType = sourcecode.swift; path = PresentationModel.swift; sourceTree = "<group>"; };
		CAD718A320530E2B007D5239 /* FilesAssembly.swift */ = {isa = PBXFileReference; lastKnownFileType = sourcecode.swift; path = FilesAssembly.swift; sourceTree = "<group>"; };
		CAD718A720534B2F007D5239 /* AudioRecordCell.swift */ = {isa = PBXFileReference; lastKnownFileType = sourcecode.swift; path = AudioRecordCell.swift; sourceTree = "<group>"; };
		CAD718A820534B2F007D5239 /* AudioRecordCell.xib */ = {isa = PBXFileReference; lastKnownFileType = file.xib; path = AudioRecordCell.xib; sourceTree = "<group>"; };
		CADA9C88205434430031433B /* UIColors.swift */ = {isa = PBXFileReference; lastKnownFileType = sourcecode.swift; path = UIColors.swift; sourceTree = "<group>"; };
		E99A8B62BB5631D2EA99EDBA /* Pods-AudioRecording.release.xcconfig */ = {isa = PBXFileReference; includeInIndex = 1; lastKnownFileType = text.xcconfig; name = "Pods-AudioRecording.release.xcconfig"; path = "Pods/Target Support Files/Pods-AudioRecording/Pods-AudioRecording.release.xcconfig"; sourceTree = "<group>"; };
/* End PBXFileReference section */

/* Begin PBXFrameworksBuildPhase section */
		CAD718702052FBBB007D5239 /* Frameworks */ = {
			isa = PBXFrameworksBuildPhase;
			buildActionMask = 2147483647;
			files = (
				B3917927EE039CFFFBC01C35 /* Pods_AudioRecording.framework in Frameworks */,
			);
			runOnlyForDeploymentPostprocessing = 0;
		};
/* End PBXFrameworksBuildPhase section */

/* Begin PBXGroup section */
		883675EB78B1559959BF35F9 /* Pods */ = {
			isa = PBXGroup;
			children = (
				76ADB92C391E1855EC1306A2 /* Pods-AudioRecording.debug.xcconfig */,
				E99A8B62BB5631D2EA99EDBA /* Pods-AudioRecording.release.xcconfig */,
			);
			name = Pods;
			sourceTree = "<group>";
		};
		CA4652DC206441FC0040DD45 /* Request */ = {
			isa = PBXGroup;
			children = (
				CA4652DD206442950040DD45 /* RequestConfig.swift */,
				CABB93C5208CC26900D699A9 /* AuthUserRequest.swift */,
				CA3819CB209705F1000B6921 /* BalanceRequest.swift */,
				CACC434C2097DC7300834AAD /* CostRequest.swift */,
			);
			path = Request;
			sourceTree = "<group>";
		};
		CA67D72B2094D3AB00947D30 /* NumberCell */ = {
			isa = PBXGroup;
			children = (
				CA67D72C2094D3C500947D30 /* NumberCell.swift */,
				CA67D72D2094D3C500947D30 /* NumberCell.xib */,
			);
			path = NumberCell;
			sourceTree = "<group>";
		};
		CA67D73A209516F300947D30 /* DistributionCell */ = {
			isa = PBXGroup;
			children = (
				CA67D73B2095170D00947D30 /* DistributionCell.swift */,
				CA67D73C2095170D00947D30 /* DistributionCell.xib */,
			);
			path = DistributionCell;
			sourceTree = "<group>";
		};
		CA6EF6732094712400A0D059 /* Parser */ = {
			isa = PBXGroup;
			children = (
				CA6EF6742094713600A0D059 /* Parser.swift */,
				CAABFA0120947D3900886D90 /* AuthUserParser.swift */,
				CA3819CD2097064F000B6921 /* BalanceParser.swift */,
				CACC434E2097DCE500834AAD /* CostParser.swift */,
			);
			path = Parser;
			sourceTree = "<group>";
		};
		CA7DB168208CF2C3000F54A0 /* Model */ = {
			isa = PBXGroup;
			children = (
				CA7DB169208CF2F4000F54A0 /* RMDistribution.swift */,
				CA67D7322094EFA900947D30 /* RMContact.swift */,
			);
			path = Model;
			sourceTree = "<group>";
		};
		CA7DB16B208CF432000F54A0 /* Provider */ = {
			isa = PBXGroup;
			children = (
				CA7DB16C208CF448000F54A0 /* DistributionProvider.swift */,
			);
			path = Provider;
			sourceTree = "<group>";
		};
		CA7DB179208DB0D0000F54A0 /* ContactCell */ = {
			isa = PBXGroup;
			children = (
				CA7DB17A208DB0E9000F54A0 /* ContactCell.swift */,
				CA7DB17B208DB0E9000F54A0 /* ContactCell.xib */,
			);
			path = ContactCell;
			sourceTree = "<group>";
		};
		CA871C93205E75EC009BDDB0 /* Service */ = {
			isa = PBXGroup;
			children = (
				CA871C94205E75F7009BDDB0 /* Protocol */,
				CA871C97205E764B009BDDB0 /* AudioService.swift */,
				CA871C9D205E829A009BDDB0 /* FileService.swift */,
				CABB93BB208CBE5F00D699A9 /* RequestSender.swift */,
				CABB93C3208CC18700D699A9 /* AuthService.swift */,
				CA7DB188208DC572000F54A0 /* ContactsService.swift */,
				CA3819C520970358000B6921 /* MoneyService.swift */,
			);
			path = Service;
			sourceTree = "<group>";
		};
		CA871C94205E75F7009BDDB0 /* Protocol */ = {
			isa = PBXGroup;
			children = (
				CA871C95205E7616009BDDB0 /* AudioServiceProtocol.swift */,
				CA871C9B205E828F009BDDB0 /* FileServiceProtocol.swift */,
				CABB93BD208CBFAA00D699A9 /* RequestSenderProtocol.swift */,
				CABB93BF208CC04B00D699A9 /* AuthServiceProtocol.swift */,
				CA7DB186208DC551000F54A0 /* ContactsServiceProtocol.swift */,
				CA3819C7209703C7000B6921 /* MoneyServiceProtocol.swift */,
			);
			path = Protocol;
			sourceTree = "<group>";
		};
		CABB93CF208CE9A700D699A9 /* Footer */ = {
			isa = PBXGroup;
			children = (
				CABB93D0208CE9DF00D699A9 /* DistributionFooterView.swift */,
				CABB93D2208CE9F700D699A9 /* DistributionFooterView.xib */,
			);
			path = Footer;
			sourceTree = "<group>";
		};
		CAD7186A2052FBBB007D5239 = {
			isa = PBXGroup;
			children = (
				CAD718752052FBBB007D5239 /* AudioRecording */,
				CAD718742052FBBB007D5239 /* Products */,
				883675EB78B1559959BF35F9 /* Pods */,
				E85589669004305C053EE2DA /* Frameworks */,
			);
			sourceTree = "<group>";
		};
		CAD718742052FBBB007D5239 /* Products */ = {
			isa = PBXGroup;
			children = (
				CAD718732052FBBB007D5239 /* AudioRecording.app */,
			);
			name = Products;
			sourceTree = "<group>";
		};
		CAD718752052FBBB007D5239 /* AudioRecording */ = {
			isa = PBXGroup;
			children = (
				CAD718882052FD59007D5239 /* Classes */,
				CAD718892052FD64007D5239 /* Resources */,
				CAD7188A2052FD7D007D5239 /* Supporting files */,
				CAD718762052FBBB007D5239 /* AppDelegate.swift */,
			);
			path = AudioRecording;
			sourceTree = "<group>";
		};
		CAD718882052FD59007D5239 /* Classes */ = {
			isa = PBXGroup;
			children = (
				CAD7188B2052FDA6007D5239 /* Presentation */,
				CAD7188C2052FDDD007D5239 /* Buisness Logic */,
				CAD7188D2052FDF1007D5239 /* Model */,
				CAD7188F2052FE00007D5239 /* Persistent */,
				CAD7188E2052FDFA007D5239 /* Common */,
			);
			path = Classes;
			sourceTree = "<group>";
		};
		CAD718892052FD64007D5239 /* Resources */ = {
			isa = PBXGroup;
			children = (
				CAD7187D2052FBBC007D5239 /* Assets.xcassets */,
				CAD7187F2052FBBC007D5239 /* LaunchScreen.storyboard */,
				CADA9C88205434430031433B /* UIColors.swift */,
				CA7DB173208D1849000F54A0 /* Tabbar.xcassets */,
			);
			path = Resources;
			sourceTree = "<group>";
		};
		CAD7188A2052FD7D007D5239 /* Supporting files */ = {
			isa = PBXGroup;
			children = (
				CAD718822052FBBC007D5239 /* Info.plist */,
			);
			path = "Supporting files";
			sourceTree = "<group>";
		};
		CAD7188B2052FDA6007D5239 /* Presentation */ = {
			isa = PBXGroup;
			children = (
				CAD7189920530A8E007D5239 /* Helper */,
				CAD7189820530A7D007D5239 /* Assembly */,
				CAD7189720530A71007D5239 /* View */,
				CAD7189620530A5B007D5239 /* View Model */,
				CAD7189520530A55007D5239 /* Presentation Model */,
				CAD7189420530A3E007D5239 /* View Controller */,
			);
			path = Presentation;
			sourceTree = "<group>";
		};
		CAD7188C2052FDDD007D5239 /* Buisness Logic */ = {
			isa = PBXGroup;
			children = (
				CA6EF6732094712400A0D059 /* Parser */,
				CA4652DC206441FC0040DD45 /* Request */,
				CA871C93205E75EC009BDDB0 /* Service */,
				CA871C91205E75AA009BDDB0 /* ServiceLayer.swift */,
			);
			path = "Buisness Logic";
			sourceTree = "<group>";
		};
		CAD7188D2052FDF1007D5239 /* Model */ = {
			isa = PBXGroup;
			children = (
				CABB93C1208CC12400D699A9 /* AuthResult.swift */,
				CA67D73420950B9300947D30 /* Distribution.swift */,
				CA67D73620950BE300947D30 /* Contact.swift */,
				CA3819C92097044C000B6921 /* Balance.swift */,
				CACC434A2097D89500834AAD /* Cost.swift */,
			);
			path = Model;
			sourceTree = "<group>";
		};
		CAD7188E2052FDFA007D5239 /* Common */ = {
			isa = PBXGroup;
			children = (
				CAD7189A20530AAE007D5239 /* RootAssembly.swift */,
				CAD7189F20530BEC007D5239 /* PresentationModel.swift */,
				CA67D73F2095C00700947D30 /* Constants.swift */,
			);
			path = Common;
			sourceTree = "<group>";
		};
		CAD7188F2052FE00007D5239 /* Persistent */ = {
			isa = PBXGroup;
			children = (
				CA7DB16B208CF432000F54A0 /* Provider */,
				CA7DB168208CF2C3000F54A0 /* Model */,
			);
			path = Persistent;
			sourceTree = "<group>";
		};
		CAD7189420530A3E007D5239 /* View Controller */ = {
			isa = PBXGroup;
			children = (
				CAAD813B2095CA83003FB9E0 /* ProfileViewController.swift */,
				CAABFA032094968C00886D90 /* SendViewController.swift */,
				CA7DA41B208DD30300A2222B /* KeyboardViewController.swift */,
				CA7DB175208D2B4C000F54A0 /* ContactsViewController.swift */,
				CABB93C9208CD3D600D699A9 /* DistributionViewController.swift */,
				CAA9566420642C45003F4742 /* LoginViewController.swift */,
				CAD7189020530A32007D5239 /* FilesViewController.swift */,
				CA876BE82053F79C003E81DC /* RecordingViewController.swift */,
			);
			path = "View Controller";
			sourceTree = "<group>";
		};
		CAD7189520530A55007D5239 /* Presentation Model */ = {
			isa = PBXGroup;
			children = (
				CAD7189D20530B92007D5239 /* FilesPresentationModel.swift */,
				CA871C8F205E7576009BDDB0 /* RecordingPresentationModel.swift */,
				CA4652D5206433F80040DD45 /* LoginPresentationModel.swift */,
				CABB93CD208CD43B00D699A9 /* DistributionPresentationModel.swift */,
				CA7DB17E208DB4A8000F54A0 /* ContactsPresentationModel.swift */,
				CAABFA07209496CD00886D90 /* SendPresentationModel.swift */,
				CAAD813F2096FA52003FB9E0 /* ProfilePresentationModel.swift */,
			);
			path = "Presentation Model";
			sourceTree = "<group>";
		};
		CAD7189620530A5B007D5239 /* View Model */ = {
			isa = PBXGroup;
			children = (
				CA67D7302094DC9100947D30 /* MessageViewModel.swift */,
				CA871C8B205E6EF0009BDDB0 /* RecordViewModel.swift */,
				CA7DB184208DC122000F54A0 /* ContactViewModel.swift */,
				CA67D7382095158C00947D30 /* DistributionViewModel.swift */,
			);
			path = "View Model";
			sourceTree = "<group>";
		};
		CAD7189720530A71007D5239 /* View */ = {
			isa = PBXGroup;
			children = (
				CABB93CF208CE9A700D699A9 /* Footer */,
				CAD7189C20530AB5007D5239 /* Xib */,
				CAD718A520534A8C007D5239 /* Cell */,
				CA876BEC20540048003E81DC /* Storyboard.storyboard */,
				CA4652D720643E500040DD45 /* ModalLoadingIndicator.swift */,
			);
			path = View;
			sourceTree = "<group>";
		};
		CAD7189820530A7D007D5239 /* Assembly */ = {
			isa = PBXGroup;
			children = (
				CAD718A320530E2B007D5239 /* FilesAssembly.swift */,
				CA871C99205E7DF0009BDDB0 /* RecordingAssembly.swift */,
				CA4652D32064336B0040DD45 /* LoginAssembly.swift */,
				CABB93C7208CD35D00D699A9 /* DistributionAssembly.swift */,
				CA7DB180208DB4D1000F54A0 /* ContactsAssembly.swift */,
				CAABFA09209496F600886D90 /* SendAssembly.swift */,
				CA3819C32096FAA1000B6921 /* ProfileAssembly.swift */,
			);
			path = Assembly;
			sourceTree = "<group>";
		};
		CAD7189920530A8E007D5239 /* Helper */ = {
			isa = PBXGroup;
			children = (
				CA871C8D205E728F009BDDB0 /* FilesViewController+BubbleAnimationDelegate.swift */,
				CA871C9F205E96FF009BDDB0 /* WaveView.swift */,
				CA871CA1205EFDE1009BDDB0 /* String+Time.swift */,
				CA4652D920643FB00040DD45 /* UIViewController+ShowError.swift */,
				CA7DB16E208CFE52000F54A0 /* LoginViewController+UITabbarController.swift */,
				CA7DB170208CFF15000F54A0 /* UIViewController+SetupDefaultNavController.swift */,
				CA7DB182208DB80A000F54A0 /* UIViewController+BackButton.swift */,
			);
			path = Helper;
			sourceTree = "<group>";
		};
		CAD7189C20530AB5007D5239 /* Xib */ = {
			isa = PBXGroup;
			children = (
				CAD7189120530A32007D5239 /* FilesViewController.xib */,
				CAA9566520642C45003F4742 /* LoginViewController.xib */,
				CABB93CA208CD3D600D699A9 /* DistributionViewController.xib */,
				CA7DB176208D2B4C000F54A0 /* ContactsViewController.xib */,
				CA7DA41C208DD30300A2222B /* KeyboardViewController.xib */,
				CAABFA042094968C00886D90 /* SendViewController.xib */,
				CAAD813C2095CA83003FB9E0 /* ProfileViewController.xib */,
			);
			path = Xib;
			sourceTree = "<group>";
		};
		CAD718A520534A8C007D5239 /* Cell */ = {
			isa = PBXGroup;
			children = (
				CA67D73A209516F300947D30 /* DistributionCell */,
				CA67D72B2094D3AB00947D30 /* NumberCell */,
				CA7DB179208DB0D0000F54A0 /* ContactCell */,
				CAD718A620534AA7007D5239 /* AudioRecordCell */,
			);
			path = Cell;
			sourceTree = "<group>";
		};
		CAD718A620534AA7007D5239 /* AudioRecordCell */ = {
			isa = PBXGroup;
			children = (
				CAD718A720534B2F007D5239 /* AudioRecordCell.swift */,
				CAD718A820534B2F007D5239 /* AudioRecordCell.xib */,
			);
			path = AudioRecordCell;
			sourceTree = "<group>";
		};
		E85589669004305C053EE2DA /* Frameworks */ = {
			isa = PBXGroup;
			children = (
				0866D6EF9F0AEDE782D328D3 /* Pods_AudioRecording.framework */,
			);
			name = Frameworks;
			sourceTree = "<group>";
		};
/* End PBXGroup section */

/* Begin PBXNativeTarget section */
		CAD718722052FBBB007D5239 /* AudioRecording */ = {
			isa = PBXNativeTarget;
			buildConfigurationList = CAD718852052FBBC007D5239 /* Build configuration list for PBXNativeTarget "AudioRecording" */;
			buildPhases = (
				73B3EA67EBEE58182AF5626B /* [CP] Check Pods Manifest.lock */,
				CAD7186F2052FBBB007D5239 /* Sources */,
				CAD718702052FBBB007D5239 /* Frameworks */,
				CAD718712052FBBB007D5239 /* Resources */,
				9D74EF5BDA939451FAFA75A3 /* [CP] Embed Pods Frameworks */,
				70F8293013AEE8127D3705DF /* [CP] Copy Pods Resources */,
			);
			buildRules = (
			);
			dependencies = (
			);
			name = AudioRecording;
			productName = AudioRecording;
			productReference = CAD718732052FBBB007D5239 /* AudioRecording.app */;
			productType = "com.apple.product-type.application";
		};
/* End PBXNativeTarget section */

/* Begin PBXProject section */
		CAD7186B2052FBBB007D5239 /* Project object */ = {
			isa = PBXProject;
			attributes = {
				LastSwiftUpdateCheck = 0920;
				LastUpgradeCheck = 0930;
				ORGANIZATIONNAME = "Кирилл Володин";
				TargetAttributes = {
					CAD718722052FBBB007D5239 = {
						CreatedOnToolsVersion = 9.2;
						ProvisioningStyle = Automatic;
					};
				};
			};
			buildConfigurationList = CAD7186E2052FBBB007D5239 /* Build configuration list for PBXProject "AudioRecording" */;
			compatibilityVersion = "Xcode 8.0";
			developmentRegion = en;
			hasScannedForEncodings = 0;
			knownRegions = (
				en,
				Base,
			);
			mainGroup = CAD7186A2052FBBB007D5239;
			productRefGroup = CAD718742052FBBB007D5239 /* Products */;
			projectDirPath = "";
			projectRoot = "";
			targets = (
				CAD718722052FBBB007D5239 /* AudioRecording */,
			);
		};
/* End PBXProject section */

/* Begin PBXResourcesBuildPhase section */
		CAD718712052FBBB007D5239 /* Resources */ = {
			isa = PBXResourcesBuildPhase;
			buildActionMask = 2147483647;
			files = (
				CAD718812052FBBC007D5239 /* LaunchScreen.storyboard in Resources */,
				CAD718AA20534B2F007D5239 /* AudioRecordCell.xib in Resources */,
				CA67D73E2095170D00947D30 /* DistributionCell.xib in Resources */,
				CA7DB174208D1849000F54A0 /* Tabbar.xcassets in Resources */,
				CA7DA41E208DD30300A2222B /* KeyboardViewController.xib in Resources */,
				CAA9566720642C45003F4742 /* LoginViewController.xib in Resources */,
				CAD7187E2052FBBC007D5239 /* Assets.xcassets in Resources */,
				CABB93CC208CD3D600D699A9 /* DistributionViewController.xib in Resources */,
				CABB93D3208CE9F700D699A9 /* DistributionFooterView.xib in Resources */,
				CAD7189320530A32007D5239 /* FilesViewController.xib in Resources */,
				CAAD813E2095CA83003FB9E0 /* ProfileViewController.xib in Resources */,
				CAABFA062094968C00886D90 /* SendViewController.xib in Resources */,
				CA67D72F2094D3C500947D30 /* NumberCell.xib in Resources */,
				CA7DB17D208DB0E9000F54A0 /* ContactCell.xib in Resources */,
				CA876BED20540048003E81DC /* Storyboard.storyboard in Resources */,
				CA7DB178208D2B4C000F54A0 /* ContactsViewController.xib in Resources */,
			);
			runOnlyForDeploymentPostprocessing = 0;
		};
/* End PBXResourcesBuildPhase section */

/* Begin PBXShellScriptBuildPhase section */
		70F8293013AEE8127D3705DF /* [CP] Copy Pods Resources */ = {
			isa = PBXShellScriptBuildPhase;
			buildActionMask = 2147483647;
			files = (
			);
			inputPaths = (
			);
			name = "[CP] Copy Pods Resources";
			outputPaths = (
			);
			runOnlyForDeploymentPostprocessing = 0;
			shellPath = /bin/sh;
			shellScript = "\"${SRCROOT}/Pods/Target Support Files/Pods-AudioRecording/Pods-AudioRecording-resources.sh\"\n";
			showEnvVarsInLog = 0;
		};
		73B3EA67EBEE58182AF5626B /* [CP] Check Pods Manifest.lock */ = {
			isa = PBXShellScriptBuildPhase;
			buildActionMask = 2147483647;
			files = (
			);
			inputPaths = (
				"${PODS_PODFILE_DIR_PATH}/Podfile.lock",
				"${PODS_ROOT}/Manifest.lock",
			);
			name = "[CP] Check Pods Manifest.lock";
			outputPaths = (
				"$(DERIVED_FILE_DIR)/Pods-AudioRecording-checkManifestLockResult.txt",
			);
			runOnlyForDeploymentPostprocessing = 0;
			shellPath = /bin/sh;
			shellScript = "diff \"${PODS_PODFILE_DIR_PATH}/Podfile.lock\" \"${PODS_ROOT}/Manifest.lock\" > /dev/null\nif [ $? != 0 ] ; then\n    # print error to STDERR\n    echo \"error: The sandbox is not in sync with the Podfile.lock. Run 'pod install' or update your CocoaPods installation.\" >&2\n    exit 1\nfi\n# This output is used by Xcode 'outputs' to avoid re-running this script phase.\necho \"SUCCESS\" > \"${SCRIPT_OUTPUT_FILE_0}\"\n";
			showEnvVarsInLog = 0;
		};
		9D74EF5BDA939451FAFA75A3 /* [CP] Embed Pods Frameworks */ = {
			isa = PBXShellScriptBuildPhase;
			buildActionMask = 2147483647;
			files = (
			);
			inputPaths = (
				"${SRCROOT}/Pods/Target Support Files/Pods-AudioRecording/Pods-AudioRecording-frameworks.sh",
				"${BUILT_PRODUCTS_DIR}/Alamofire/Alamofire.framework",
				"${BUILT_PRODUCTS_DIR}/BGTableViewRowActionWithImage/BGTableViewRowActionWithImage.framework",
				"${BUILT_PRODUCTS_DIR}/BubbleTransition/BubbleTransition.framework",
				"${BUILT_PRODUCTS_DIR}/InputMask/InputMask.framework",
				"${BUILT_PRODUCTS_DIR}/Realm/Realm.framework",
				"${BUILT_PRODUCTS_DIR}/RealmSwift/RealmSwift.framework",
				"${BUILT_PRODUCTS_DIR}/RxCocoa/RxCocoa.framework",
				"${BUILT_PRODUCTS_DIR}/RxSwift/RxSwift.framework",
				"${BUILT_PRODUCTS_DIR}/SCSiriWaveformView/SCSiriWaveformView.framework",
			);
			name = "[CP] Embed Pods Frameworks";
			outputPaths = (
				"${TARGET_BUILD_DIR}/${FRAMEWORKS_FOLDER_PATH}/Alamofire.framework",
				"${TARGET_BUILD_DIR}/${FRAMEWORKS_FOLDER_PATH}/BGTableViewRowActionWithImage.framework",
				"${TARGET_BUILD_DIR}/${FRAMEWORKS_FOLDER_PATH}/BubbleTransition.framework",
				"${TARGET_BUILD_DIR}/${FRAMEWORKS_FOLDER_PATH}/InputMask.framework",
				"${TARGET_BUILD_DIR}/${FRAMEWORKS_FOLDER_PATH}/Realm.framework",
				"${TARGET_BUILD_DIR}/${FRAMEWORKS_FOLDER_PATH}/RealmSwift.framework",
				"${TARGET_BUILD_DIR}/${FRAMEWORKS_FOLDER_PATH}/RxCocoa.framework",
				"${TARGET_BUILD_DIR}/${FRAMEWORKS_FOLDER_PATH}/RxSwift.framework",
				"${TARGET_BUILD_DIR}/${FRAMEWORKS_FOLDER_PATH}/SCSiriWaveformView.framework",
			);
			runOnlyForDeploymentPostprocessing = 0;
			shellPath = /bin/sh;
			shellScript = "\"${SRCROOT}/Pods/Target Support Files/Pods-AudioRecording/Pods-AudioRecording-frameworks.sh\"\n";
			showEnvVarsInLog = 0;
		};
/* End PBXShellScriptBuildPhase section */

/* Begin PBXSourcesBuildPhase section */
		CAD7186F2052FBBB007D5239 /* Sources */ = {
			isa = PBXSourcesBuildPhase;
			buildActionMask = 2147483647;
			files = (
				CAABFA0220947D3900886D90 /* AuthUserParser.swift in Sources */,
				CA67D7332094EFA900947D30 /* RMContact.swift in Sources */,
				CAA9566620642C45003F4742 /* LoginViewController.swift in Sources */,
				CABB93C4208CC18700D699A9 /* AuthService.swift in Sources */,
				CABB93C8208CD35D00D699A9 /* DistributionAssembly.swift in Sources */,
				CA871C96205E7616009BDDB0 /* AudioServiceProtocol.swift in Sources */,
				CAAD81402096FA52003FB9E0 /* ProfilePresentationModel.swift in Sources */,
				CAD718A020530BEC007D5239 /* PresentationModel.swift in Sources */,
				CAD718A420530E2B007D5239 /* FilesAssembly.swift in Sources */,
				CAABFA0A209496F600886D90 /* SendAssembly.swift in Sources */,
				CAD7189220530A32007D5239 /* FilesViewController.swift in Sources */,
				CA871C8C205E6EF0009BDDB0 /* RecordViewModel.swift in Sources */,
				CABB93BE208CBFAA00D699A9 /* RequestSenderProtocol.swift in Sources */,
				CA4652D820643E500040DD45 /* ModalLoadingIndicator.swift in Sources */,
				CABB93CE208CD43B00D699A9 /* DistributionPresentationModel.swift in Sources */,
				CA871C98205E764B009BDDB0 /* AudioService.swift in Sources */,
				CA7DB17C208DB0E9000F54A0 /* ContactCell.swift in Sources */,
				CACC434B2097D89500834AAD /* Cost.swift in Sources */,
				CABB93C6208CC26900D699A9 /* AuthUserRequest.swift in Sources */,
				CA871C9C205E828F009BDDB0 /* FileServiceProtocol.swift in Sources */,
				CA67D7392095158C00947D30 /* DistributionViewModel.swift in Sources */,
				CA3819C42096FAA1000B6921 /* ProfileAssembly.swift in Sources */,
				CACC434D2097DC7300834AAD /* CostRequest.swift in Sources */,
				CA67D7402095C00700947D30 /* Constants.swift in Sources */,
				CA4652DA20643FB00040DD45 /* UIViewController+ShowError.swift in Sources */,
				CA67D7312094DC9100947D30 /* MessageViewModel.swift in Sources */,
				CA7DB177208D2B4C000F54A0 /* ContactsViewController.swift in Sources */,
				CA871C92205E75AA009BDDB0 /* ServiceLayer.swift in Sources */,
				CA67D73D2095170D00947D30 /* DistributionCell.swift in Sources */,
				CA7DA41D208DD30300A2222B /* KeyboardViewController.swift in Sources */,
				CAD718A920534B2F007D5239 /* AudioRecordCell.swift in Sources */,
				CA871C8E205E728F009BDDB0 /* FilesViewController+BubbleAnimationDelegate.swift in Sources */,
				CA7DB181208DB4D1000F54A0 /* ContactsAssembly.swift in Sources */,
				CA876BEA2053F79C003E81DC /* RecordingViewController.swift in Sources */,
				CAABFA052094968C00886D90 /* SendViewController.swift in Sources */,
				CAD7189B20530AAE007D5239 /* RootAssembly.swift in Sources */,
				CAD718772052FBBB007D5239 /* AppDelegate.swift in Sources */,
				CA7DB171208CFF15000F54A0 /* UIViewController+SetupDefaultNavController.swift in Sources */,
				CA7DB185208DC122000F54A0 /* ContactViewModel.swift in Sources */,
				CA7DB183208DB80A000F54A0 /* UIViewController+BackButton.swift in Sources */,
				CACC434F2097DCE500834AAD /* CostParser.swift in Sources */,
				CA3819CC209705F1000B6921 /* BalanceRequest.swift in Sources */,
				CAD7189E20530B92007D5239 /* FilesPresentationModel.swift in Sources */,
				CA3819CA2097044C000B6921 /* Balance.swift in Sources */,
				CA871C90205E7576009BDDB0 /* RecordingPresentationModel.swift in Sources */,
				CA871CA0205E96FF009BDDB0 /* WaveView.swift in Sources */,
				CA4652DE206442950040DD45 /* RequestConfig.swift in Sources */,
				CA7DB16A208CF2F4000F54A0 /* RMDistribution.swift in Sources */,
				CA7DB189208DC572000F54A0 /* ContactsService.swift in Sources */,
				CAABFA08209496CD00886D90 /* SendPresentationModel.swift in Sources */,
				CA7DB17F208DB4A8000F54A0 /* ContactsPresentationModel.swift in Sources */,
				CA67D73520950B9300947D30 /* Distribution.swift in Sources */,
				CADA9C89205434430031433B /* UIColors.swift in Sources */,
				CABB93C0208CC04B00D699A9 /* AuthServiceProtocol.swift in Sources */,
				CA871CA2205EFDE1009BDDB0 /* String+Time.swift in Sources */,
				CA871C9A205E7DF1009BDDB0 /* RecordingAssembly.swift in Sources */,
				CABB93D1208CE9DF00D699A9 /* DistributionFooterView.swift in Sources */,
				CA67D72E2094D3C500947D30 /* NumberCell.swift in Sources */,
				CA7DB16F208CFE52000F54A0 /* LoginViewController+UITabbarController.swift in Sources */,
				CA3819C620970358000B6921 /* MoneyService.swift in Sources */,
				CABB93CB208CD3D600D699A9 /* DistributionViewController.swift in Sources */,
				CA6EF6752094713600A0D059 /* Parser.swift in Sources */,
				CA3819C8209703C7000B6921 /* MoneyServiceProtocol.swift in Sources */,
				CA7DB16D208CF448000F54A0 /* DistributionProvider.swift in Sources */,
				CABB93BC208CBE5F00D699A9 /* RequestSender.swift in Sources */,
				CA7DB187208DC551000F54A0 /* ContactsServiceProtocol.swift in Sources */,
				CABB93C2208CC12400D699A9 /* AuthResult.swift in Sources */,
				CA67D73720950BE300947D30 /* Contact.swift in Sources */,
				CA871C9E205E829A009BDDB0 /* FileService.swift in Sources */,
				CAAD813D2095CA83003FB9E0 /* ProfileViewController.swift in Sources */,
				CA4652D6206433F80040DD45 /* LoginPresentationModel.swift in Sources */,
				CA4652D42064336B0040DD45 /* LoginAssembly.swift in Sources */,
				CA3819CE2097064F000B6921 /* BalanceParser.swift in Sources */,
			);
			runOnlyForDeploymentPostprocessing = 0;
		};
/* End PBXSourcesBuildPhase section */

/* Begin PBXVariantGroup section */
		CAD7187F2052FBBC007D5239 /* LaunchScreen.storyboard */ = {
			isa = PBXVariantGroup;
			children = (
				CAD718802052FBBC007D5239 /* Base */,
			);
			name = LaunchScreen.storyboard;
			sourceTree = "<group>";
		};
/* End PBXVariantGroup section */

/* Begin XCBuildConfiguration section */
		CAD718832052FBBC007D5239 /* Debug */ = {
			isa = XCBuildConfiguration;
			buildSettings = {
				ALWAYS_SEARCH_USER_PATHS = NO;
				CLANG_ANALYZER_NONNULL = YES;
				CLANG_ANALYZER_NUMBER_OBJECT_CONVERSION = YES_AGGRESSIVE;
				CLANG_CXX_LANGUAGE_STANDARD = "gnu++14";
				CLANG_CXX_LIBRARY = "libc++";
				CLANG_ENABLE_MODULES = YES;
				CLANG_ENABLE_OBJC_ARC = YES;
				CLANG_WARN_BLOCK_CAPTURE_AUTORELEASING = YES;
				CLANG_WARN_BOOL_CONVERSION = YES;
				CLANG_WARN_COMMA = YES;
				CLANG_WARN_CONSTANT_CONVERSION = YES;
				CLANG_WARN_DEPRECATED_OBJC_IMPLEMENTATIONS = YES;
				CLANG_WARN_DIRECT_OBJC_ISA_USAGE = YES_ERROR;
				CLANG_WARN_DOCUMENTATION_COMMENTS = YES;
				CLANG_WARN_EMPTY_BODY = YES;
				CLANG_WARN_ENUM_CONVERSION = YES;
				CLANG_WARN_INFINITE_RECURSION = YES;
				CLANG_WARN_INT_CONVERSION = YES;
				CLANG_WARN_NON_LITERAL_NULL_CONVERSION = YES;
				CLANG_WARN_OBJC_IMPLICIT_RETAIN_SELF = YES;
				CLANG_WARN_OBJC_LITERAL_CONVERSION = YES;
				CLANG_WARN_OBJC_ROOT_CLASS = YES_ERROR;
				CLANG_WARN_RANGE_LOOP_ANALYSIS = YES;
				CLANG_WARN_STRICT_PROTOTYPES = YES;
				CLANG_WARN_SUSPICIOUS_MOVE = YES;
				CLANG_WARN_UNGUARDED_AVAILABILITY = YES_AGGRESSIVE;
				CLANG_WARN_UNREACHABLE_CODE = YES;
				CLANG_WARN__DUPLICATE_METHOD_MATCH = YES;
				CODE_SIGN_IDENTITY = "iPhone Developer";
				COPY_PHASE_STRIP = NO;
				DEBUG_INFORMATION_FORMAT = dwarf;
				ENABLE_STRICT_OBJC_MSGSEND = YES;
				ENABLE_TESTABILITY = YES;
				GCC_C_LANGUAGE_STANDARD = gnu11;
				GCC_DYNAMIC_NO_PIC = NO;
				GCC_NO_COMMON_BLOCKS = YES;
				GCC_OPTIMIZATION_LEVEL = 0;
				GCC_PREPROCESSOR_DEFINITIONS = (
					"DEBUG=1",
					"$(inherited)",
				);
				GCC_WARN_64_TO_32_BIT_CONVERSION = YES;
				GCC_WARN_ABOUT_RETURN_TYPE = YES_ERROR;
				GCC_WARN_UNDECLARED_SELECTOR = YES;
				GCC_WARN_UNINITIALIZED_AUTOS = YES_AGGRESSIVE;
				GCC_WARN_UNUSED_FUNCTION = YES;
				GCC_WARN_UNUSED_VARIABLE = YES;
				IPHONEOS_DEPLOYMENT_TARGET = 11.3;
				MTL_ENABLE_DEBUG_INFO = YES;
				ONLY_ACTIVE_ARCH = YES;
				SDKROOT = iphoneos;
				SWIFT_ACTIVE_COMPILATION_CONDITIONS = DEBUG;
				SWIFT_OPTIMIZATION_LEVEL = "-Onone";
			};
			name = Debug;
		};
		CAD718842052FBBC007D5239 /* Release */ = {
			isa = XCBuildConfiguration;
			buildSettings = {
				ALWAYS_SEARCH_USER_PATHS = NO;
				CLANG_ANALYZER_NONNULL = YES;
				CLANG_ANALYZER_NUMBER_OBJECT_CONVERSION = YES_AGGRESSIVE;
				CLANG_CXX_LANGUAGE_STANDARD = "gnu++14";
				CLANG_CXX_LIBRARY = "libc++";
				CLANG_ENABLE_MODULES = YES;
				CLANG_ENABLE_OBJC_ARC = YES;
				CLANG_WARN_BLOCK_CAPTURE_AUTORELEASING = YES;
				CLANG_WARN_BOOL_CONVERSION = YES;
				CLANG_WARN_COMMA = YES;
				CLANG_WARN_CONSTANT_CONVERSION = YES;
				CLANG_WARN_DEPRECATED_OBJC_IMPLEMENTATIONS = YES;
				CLANG_WARN_DIRECT_OBJC_ISA_USAGE = YES_ERROR;
				CLANG_WARN_DOCUMENTATION_COMMENTS = YES;
				CLANG_WARN_EMPTY_BODY = YES;
				CLANG_WARN_ENUM_CONVERSION = YES;
				CLANG_WARN_INFINITE_RECURSION = YES;
				CLANG_WARN_INT_CONVERSION = YES;
				CLANG_WARN_NON_LITERAL_NULL_CONVERSION = YES;
				CLANG_WARN_OBJC_IMPLICIT_RETAIN_SELF = YES;
				CLANG_WARN_OBJC_LITERAL_CONVERSION = YES;
				CLANG_WARN_OBJC_ROOT_CLASS = YES_ERROR;
				CLANG_WARN_RANGE_LOOP_ANALYSIS = YES;
				CLANG_WARN_STRICT_PROTOTYPES = YES;
				CLANG_WARN_SUSPICIOUS_MOVE = YES;
				CLANG_WARN_UNGUARDED_AVAILABILITY = YES_AGGRESSIVE;
				CLANG_WARN_UNREACHABLE_CODE = YES;
				CLANG_WARN__DUPLICATE_METHOD_MATCH = YES;
				CODE_SIGN_IDENTITY = "iPhone Developer";
				COPY_PHASE_STRIP = NO;
				DEBUG_INFORMATION_FORMAT = "dwarf-with-dsym";
				ENABLE_NS_ASSERTIONS = NO;
				ENABLE_STRICT_OBJC_MSGSEND = YES;
				GCC_C_LANGUAGE_STANDARD = gnu11;
				GCC_NO_COMMON_BLOCKS = YES;
				GCC_WARN_64_TO_32_BIT_CONVERSION = YES;
				GCC_WARN_ABOUT_RETURN_TYPE = YES_ERROR;
				GCC_WARN_UNDECLARED_SELECTOR = YES;
				GCC_WARN_UNINITIALIZED_AUTOS = YES_AGGRESSIVE;
				GCC_WARN_UNUSED_FUNCTION = YES;
				GCC_WARN_UNUSED_VARIABLE = YES;
				IPHONEOS_DEPLOYMENT_TARGET = 11.3;
				MTL_ENABLE_DEBUG_INFO = NO;
				SDKROOT = iphoneos;
				SWIFT_OPTIMIZATION_LEVEL = "-Owholemodule";
				VALIDATE_PRODUCT = YES;
			};
			name = Release;
		};
		CAD718862052FBBC007D5239 /* Debug */ = {
			isa = XCBuildConfiguration;
			baseConfigurationReference = 76ADB92C391E1855EC1306A2 /* Pods-AudioRecording.debug.xcconfig */;
			buildSettings = {
				ASSETCATALOG_COMPILER_APPICON_NAME = AppIcon;
				CODE_SIGN_STYLE = Automatic;
				DEVELOPMENT_TEAM = BZ5C8942NC;
				INFOPLIST_FILE = "$(SRCROOT)/AudioRecording/Supporting files/Info.plist";
				IPHONEOS_DEPLOYMENT_TARGET = 10.0;
				LD_RUNPATH_SEARCH_PATHS = "$(inherited) @executable_path/Frameworks";
				PRODUCT_BUNDLE_IDENTIFIER = Volodin.AudioRecording;
				PRODUCT_NAME = "$(TARGET_NAME)";
				SWIFT_VERSION = 4.0;
				TARGETED_DEVICE_FAMILY = 1;
			};
			name = Debug;
		};
		CAD718872052FBBC007D5239 /* Release */ = {
			isa = XCBuildConfiguration;
			baseConfigurationReference = E99A8B62BB5631D2EA99EDBA /* Pods-AudioRecording.release.xcconfig */;
			buildSettings = {
				ASSETCATALOG_COMPILER_APPICON_NAME = AppIcon;
				CODE_SIGN_STYLE = Automatic;
				DEVELOPMENT_TEAM = BZ5C8942NC;
				INFOPLIST_FILE = "$(SRCROOT)/AudioRecording/Supporting files/Info.plist";
				IPHONEOS_DEPLOYMENT_TARGET = 10.0;
				LD_RUNPATH_SEARCH_PATHS = "$(inherited) @executable_path/Frameworks";
				PRODUCT_BUNDLE_IDENTIFIER = Volodin.AudioRecording;
				PRODUCT_NAME = "$(TARGET_NAME)";
				SWIFT_VERSION = 4.0;
				TARGETED_DEVICE_FAMILY = 1;
			};
			name = Release;
		};
/* End XCBuildConfiguration section */

/* Begin XCConfigurationList section */
		CAD7186E2052FBBB007D5239 /* Build configuration list for PBXProject "AudioRecording" */ = {
			isa = XCConfigurationList;
			buildConfigurations = (
				CAD718832052FBBC007D5239 /* Debug */,
				CAD718842052FBBC007D5239 /* Release */,
			);
			defaultConfigurationIsVisible = 0;
			defaultConfigurationName = Release;
		};
		CAD718852052FBBC007D5239 /* Build configuration list for PBXNativeTarget "AudioRecording" */ = {
			isa = XCConfigurationList;
			buildConfigurations = (
				CAD718862052FBBC007D5239 /* Debug */,
				CAD718872052FBBC007D5239 /* Release */,
			);
			defaultConfigurationIsVisible = 0;
			defaultConfigurationName = Release;
		};
/* End XCConfigurationList section */
	};
	rootObject = CAD7186B2052FBBB007D5239 /* Project object */;
}
